
Microsoft Visual Studio Solution File, Format Version 12.00
# Visual Studio 14
VisualStudioVersion = 14.0.25123.0
MinimumVisualStudioVersion = 10.0.40219.1
Project("{FAE04EC0-301F-11D3-BF4B-00C04F79EFBC}") = "UnitTestsTask", "UnitTestsTask\UnitTestsTask.csproj", "{A14851CB-C8D8-44F6-B84C-CAEA147D9986}"
EndProject
Project("{FAE04EC0-301F-11D3-BF4B-00C04F79EFBC}") = "UnitTestsTask.UnitTests", "UnitTestsTask.UnitTests\UnitTestsTask.UnitTests.csproj", "{36A20E4F-A524-4CD6-8C09-E446BC6C04EB}"
EndProject
Global
	GlobalSection(SolutionConfigurationPlatforms) = preSolution
		Debug|Any CPU = Debug|Any CPU
		Release|Any CPU = Release|Any CPU
	EndGlobalSection
	GlobalSection(ProjectConfigurationPlatforms) = postSolution
		{A14851CB-C8D8-44F6-B84C-CAEA147D9986}.Debug|Any CPU.ActiveCfg = Debug|Any CPU
		{A14851CB-C8D8-44F6-B84C-CAEA147D9986}.Debug|Any CPU.Build.0 = Debug|Any CPU
		{A14851CB-C8D8-44F6-B84C-CAEA147D9986}.Release|Any CPU.ActiveCfg = Release|Any CPU
		{A14851CB-C8D8-44F6-B84C-CAEA147D9986}.Release|Any CPU.Build.0 = Release|Any CPU
		{36A20E4F-A524-4CD6-8C09-E446BC6C04EB}.Debug|Any CPU.ActiveCfg = Debug|Any CPU
		{36A20E4F-A524-4CD6-8C09-E446BC6C04EB}.Debug|Any CPU.Build.0 = Debug|Any CPU
		{36A20E4F-A524-4CD6-8C09-E446BC6C04EB}.Release|Any CPU.ActiveCfg = Release|Any CPU
		{36A20E4F-A524-4CD6-8C09-E446BC6C04EB}.Release|Any CPU.Build.0 = Release|Any CPU
	EndGlobalSection
	GlobalSection(SolutionProperties) = preSolution
		HideSolutionNode = FALSE
	EndGlobalSection
EndGlobal
